
Microsoft Visual Studio Solution File, Format Version 12.00
# Visual Studio Version 17
VisualStudioVersion = 17.4.33213.308
MinimumVisualStudioVersion = 10.0.40219.1
Project("{2150E333-8FDC-42A3-9474-1A3956D46DE8}") = "FrontEnd", "FrontEnd", "{BA0822C3-116F-4916-846A-3393DDCC8036}"
EndProject
Project("{9A19103F-16F7-4668-BE54-9A1E7A4F7556}") = "Restaurant.Web", "Restaurant.Web\Restaurant.Web.csproj", "{781FA197-7CE7-43DF-A574-DAAB587B66FF}"
EndProject
Project("{2150E333-8FDC-42A3-9474-1A3956D46DE8}") = "Services", "Services", "{3C3F396B-4CC2-4D61-9C71-F2C73F6B6FD9}"
EndProject
Project("{9A19103F-16F7-4668-BE54-9A1E7A4F7556}") = "Restaurant.Services.ProductAPI", "Restaurant.Services.ProductAPI\Restaurant.Services.ProductAPI.csproj", "{FE52C36B-6C6E-465E-96EA-6459A1382F96}"
EndProject
Project("{9A19103F-16F7-4668-BE54-9A1E7A4F7556}") = "Restaurant.Services.Identity", "Restaurant.Services.Identity\Restaurant.Services.Identity.csproj", "{7328C55A-5E70-4B27-885F-AAEEAAB43D65}"
EndProject
Project("{9A19103F-16F7-4668-BE54-9A1E7A4F7556}") = "Restaurant.Services.ShoppingCartAPI", "Restaurant.Services.ShoppingCartAPI\Restaurant.Services.ShoppingCartAPI.csproj", "{962CC4FF-8E64-4723-89C5-A28FAD026FC3}"
EndProject
Project("{9A19103F-16F7-4668-BE54-9A1E7A4F7556}") = "Restaurant.Services.CouponAPI", "Restaurant.Services.CouponAPI\Restaurant.Services.CouponAPI.csproj", "{E52F256D-592A-4D53-A584-0F38011CF6E7}"
EndProject
Project("{2150E333-8FDC-42A3-9474-1A3956D46DE8}") = "Integration", "Integration", "{EF3F200C-37CA-4F2C-8ABE-D5BD55E6F4DF}"
EndProject
Project("{9A19103F-16F7-4668-BE54-9A1E7A4F7556}") = "Restaurant.MessageBus", "Restaurant.MessageBus\Restaurant.MessageBus.csproj", "{9A6B10B9-698B-485A-A38E-97DE7408BB70}"
EndProject
Project("{9A19103F-16F7-4668-BE54-9A1E7A4F7556}") = "Restaurant.Services.OrderAPI", "Restaurant.Services.OrderAPI\Restaurant.Services.OrderAPI.csproj", "{DDB8985D-3F78-4627-AC90-C324AA8FAB73}"
EndProject
Global
	GlobalSection(SolutionConfigurationPlatforms) = preSolution
		Debug|Any CPU = Debug|Any CPU
		Release|Any CPU = Release|Any CPU
	EndGlobalSection
	GlobalSection(ProjectConfigurationPlatforms) = postSolution
		{781FA197-7CE7-43DF-A574-DAAB587B66FF}.Debug|Any CPU.ActiveCfg = Debug|Any CPU
		{781FA197-7CE7-43DF-A574-DAAB587B66FF}.Debug|Any CPU.Build.0 = Debug|Any CPU
		{781FA197-7CE7-43DF-A574-DAAB587B66FF}.Release|Any CPU.ActiveCfg = Release|Any CPU
		{781FA197-7CE7-43DF-A574-DAAB587B66FF}.Release|Any CPU.Build.0 = Release|Any CPU
		{FE52C36B-6C6E-465E-96EA-6459A1382F96}.Debug|Any CPU.ActiveCfg = Debug|Any CPU
		{FE52C36B-6C6E-465E-96EA-6459A1382F96}.Debug|Any CPU.Build.0 = Debug|Any CPU
		{FE52C36B-6C6E-465E-96EA-6459A1382F96}.Release|Any CPU.ActiveCfg = Release|Any CPU
		{FE52C36B-6C6E-465E-96EA-6459A1382F96}.Release|Any CPU.Build.0 = Release|Any CPU
		{7328C55A-5E70-4B27-885F-AAEEAAB43D65}.Debug|Any CPU.ActiveCfg = Debug|Any CPU
		{7328C55A-5E70-4B27-885F-AAEEAAB43D65}.Debug|Any CPU.Build.0 = Debug|Any CPU
		{7328C55A-5E70-4B27-885F-AAEEAAB43D65}.Release|Any CPU.ActiveCfg = Release|Any CPU
		{7328C55A-5E70-4B27-885F-AAEEAAB43D65}.Release|Any CPU.Build.0 = Release|Any CPU
		{962CC4FF-8E64-4723-89C5-A28FAD026FC3}.Debug|Any CPU.ActiveCfg = Debug|Any CPU
		{962CC4FF-8E64-4723-89C5-A28FAD026FC3}.Debug|Any CPU.Build.0 = Debug|Any CPU
		{962CC4FF-8E64-4723-89C5-A28FAD026FC3}.Release|Any CPU.ActiveCfg = Release|Any CPU
		{962CC4FF-8E64-4723-89C5-A28FAD026FC3}.Release|Any CPU.Build.0 = Release|Any CPU
		{E52F256D-592A-4D53-A584-0F38011CF6E7}.Debug|Any CPU.ActiveCfg = Debug|Any CPU
		{E52F256D-592A-4D53-A584-0F38011CF6E7}.Debug|Any CPU.Build.0 = Debug|Any CPU
		{E52F256D-592A-4D53-A584-0F38011CF6E7}.Release|Any CPU.ActiveCfg = Release|Any CPU
		{E52F256D-592A-4D53-A584-0F38011CF6E7}.Release|Any CPU.Build.0 = Release|Any CPU
		{9A6B10B9-698B-485A-A38E-97DE7408BB70}.Debug|Any CPU.ActiveCfg = Debug|Any CPU
		{9A6B10B9-698B-485A-A38E-97DE7408BB70}.Debug|Any CPU.Build.0 = Debug|Any CPU
		{9A6B10B9-698B-485A-A38E-97DE7408BB70}.Release|Any CPU.ActiveCfg = Release|Any CPU
		{9A6B10B9-698B-485A-A38E-97DE7408BB70}.Release|Any CPU.Build.0 = Release|Any CPU
		{DDB8985D-3F78-4627-AC90-C324AA8FAB73}.Debug|Any CPU.ActiveCfg = Debug|Any CPU
		{DDB8985D-3F78-4627-AC90-C324AA8FAB73}.Debug|Any CPU.Build.0 = Debug|Any CPU
		{DDB8985D-3F78-4627-AC90-C324AA8FAB73}.Release|Any CPU.ActiveCfg = Release|Any CPU
		{DDB8985D-3F78-4627-AC90-C324AA8FAB73}.Release|Any CPU.Build.0 = Release|Any CPU
	EndGlobalSection
	GlobalSection(SolutionProperties) = preSolution
		HideSolutionNode = FALSE
	EndGlobalSection
	GlobalSection(NestedProjects) = preSolution
		{781FA197-7CE7-43DF-A574-DAAB587B66FF} = {BA0822C3-116F-4916-846A-3393DDCC8036}
		{FE52C36B-6C6E-465E-96EA-6459A1382F96} = {3C3F396B-4CC2-4D61-9C71-F2C73F6B6FD9}
		{7328C55A-5E70-4B27-885F-AAEEAAB43D65} = {3C3F396B-4CC2-4D61-9C71-F2C73F6B6FD9}
		{962CC4FF-8E64-4723-89C5-A28FAD026FC3} = {3C3F396B-4CC2-4D61-9C71-F2C73F6B6FD9}
		{E52F256D-592A-4D53-A584-0F38011CF6E7} = {3C3F396B-4CC2-4D61-9C71-F2C73F6B6FD9}
		{9A6B10B9-698B-485A-A38E-97DE7408BB70} = {EF3F200C-37CA-4F2C-8ABE-D5BD55E6F4DF}
		{DDB8985D-3F78-4627-AC90-C324AA8FAB73} = {3C3F396B-4CC2-4D61-9C71-F2C73F6B6FD9}
	EndGlobalSection
	GlobalSection(ExtensibilityGlobals) = postSolution
		SolutionGuid = {FF5C34A5-5A24-4E3E-99FF-7F2593E0E7F6}
	EndGlobalSection
EndGlobal
